
Microsoft Visual Studio Solution File, Format Version 12.00
# Visual Studio Version 16
VisualStudioVersion = 16.0.30804.86
MinimumVisualStudioVersion = 10.0.40219.1
Project("{8BC9CEB8-8B4A-11D0-8D11-00A0C91BC942}") = "Project60", "Project60.vcxproj", "{4ACB1F46-52B7-4A66-956C-BE4312578339}"
EndProject
Global
	GlobalSection(SolutionConfigurationPlatforms) = preSolution
		Debug|x64 = Debug|x64
		Debug|x86 = Debug|x86
		Release|x64 = Release|x64
		Release|x86 = Release|x86
	EndGlobalSection
	GlobalSection(ProjectConfigurationPlatforms) = postSolution
		{4ACB1F46-52B7-4A66-956C-BE4312578339}.Debug|x64.ActiveCfg = Debug|x64
		{4ACB1F46-52B7-4A66-956C-BE4312578339}.Debug|x64.Build.0 = Debug|x64
		{4ACB1F46-52B7-4A66-956C-BE4312578339}.Debug|x86.ActiveCfg = Debug|Win32
		{4ACB1F46-52B7-4A66-956C-BE4312578339}.Debug|x86.Build.0 = Debug|Win32
		{4ACB1F46-52B7-4A66-956C-BE4312578339}.Release|x64.ActiveCfg = Release|x64
		{4ACB1F46-52B7-4A66-956C-BE4312578339}.Release|x64.Build.0 = Release|x64
		{4ACB1F46-52B7-4A66-956C-BE4312578339}.Release|x86.ActiveCfg = Release|Win32
		{4ACB1F46-52B7-4A66-956C-BE4312578339}.Release|x86.Build.0 = Release|Win32
	EndGlobalSection
	GlobalSection(SolutionProperties) = preSolution
		HideSolutionNode = FALSE
	EndGlobalSection
	GlobalSection(ExtensibilityGlobals) = postSolution
		SolutionGuid = {8DC2D846-D3E4-4EE0-ABB1-D359A36044AF}
	EndGlobalSection
EndGlobal
