
Microsoft Visual Studio Solution File, Format Version 12.00
# Visual Studio Version 16
VisualStudioVersion = 16.0.30717.126
MinimumVisualStudioVersion = 10.0.40219.1
Project("{8BC9CEB8-8B4A-11D0-8D11-00A0C91BC942}") = "Project15", "Project15.vcxproj", "{D70B450A-22A7-4F85-877A-3B0DF1D23421}"
EndProject
Global
	GlobalSection(SolutionConfigurationPlatforms) = preSolution
		Debug|x64 = Debug|x64
		Debug|x86 = Debug|x86
		Release|x64 = Release|x64
		Release|x86 = Release|x86
	EndGlobalSection
	GlobalSection(ProjectConfigurationPlatforms) = postSolution
		{D70B450A-22A7-4F85-877A-3B0DF1D23421}.Debug|x64.ActiveCfg = Debug|x64
		{D70B450A-22A7-4F85-877A-3B0DF1D23421}.Debug|x64.Build.0 = Debug|x64
		{D70B450A-22A7-4F85-877A-3B0DF1D23421}.Debug|x86.ActiveCfg = Debug|Win32
		{D70B450A-22A7-4F85-877A-3B0DF1D23421}.Debug|x86.Build.0 = Debug|Win32
		{D70B450A-22A7-4F85-877A-3B0DF1D23421}.Release|x64.ActiveCfg = Release|x64
		{D70B450A-22A7-4F85-877A-3B0DF1D23421}.Release|x64.Build.0 = Release|x64
		{D70B450A-22A7-4F85-877A-3B0DF1D23421}.Release|x86.ActiveCfg = Release|Win32
		{D70B450A-22A7-4F85-877A-3B0DF1D23421}.Release|x86.Build.0 = Release|Win32
	EndGlobalSection
	GlobalSection(SolutionProperties) = preSolution
		HideSolutionNode = FALSE
	EndGlobalSection
	GlobalSection(ExtensibilityGlobals) = postSolution
		SolutionGuid = {203B6940-7145-43CC-B26D-2517998CA0C5}
	EndGlobalSection
EndGlobal
