
Microsoft Visual Studio Solution File, Format Version 12.00
# Visual Studio Version 16
VisualStudioVersion = 16.0.30717.126
MinimumVisualStudioVersion = 10.0.40219.1
Project("{8BC9CEB8-8B4A-11D0-8D11-00A0C91BC942}") = "Project26", "Project26.vcxproj", "{B070B077-144C-4E88-BF66-309195C01B47}"
EndProject
Global
	GlobalSection(SolutionConfigurationPlatforms) = preSolution
		Debug|x64 = Debug|x64
		Debug|x86 = Debug|x86
		Release|x64 = Release|x64
		Release|x86 = Release|x86
	EndGlobalSection
	GlobalSection(ProjectConfigurationPlatforms) = postSolution
		{B070B077-144C-4E88-BF66-309195C01B47}.Debug|x64.ActiveCfg = Debug|x64
		{B070B077-144C-4E88-BF66-309195C01B47}.Debug|x64.Build.0 = Debug|x64
		{B070B077-144C-4E88-BF66-309195C01B47}.Debug|x86.ActiveCfg = Debug|Win32
		{B070B077-144C-4E88-BF66-309195C01B47}.Debug|x86.Build.0 = Debug|Win32
		{B070B077-144C-4E88-BF66-309195C01B47}.Release|x64.ActiveCfg = Release|x64
		{B070B077-144C-4E88-BF66-309195C01B47}.Release|x64.Build.0 = Release|x64
		{B070B077-144C-4E88-BF66-309195C01B47}.Release|x86.ActiveCfg = Release|Win32
		{B070B077-144C-4E88-BF66-309195C01B47}.Release|x86.Build.0 = Release|Win32
	EndGlobalSection
	GlobalSection(SolutionProperties) = preSolution
		HideSolutionNode = FALSE
	EndGlobalSection
	GlobalSection(ExtensibilityGlobals) = postSolution
		SolutionGuid = {F6245126-E790-4E1B-851C-BA0FE2D39235}
	EndGlobalSection
EndGlobal
